
Microsoft Visual Studio Solution File, Format Version 12.00
# Visual Studio Version 17
VisualStudioVersion = 17.14.36310.24 d17.14
MinimumVisualStudioVersion = 10.0.40219.1
Project("{8BC9CEB8-8B4A-11D0-8D11-00A0C91BC942}") = "WEMS", "WEMS.vcxproj", "{3859B314-88BD-4373-96EC-36412EA88F7D}"
EndProject
Global
	GlobalSection(SolutionConfigurationPlatforms) = preSolution
		Debug|x64 = Debug|x64
		Debug|x86 = Debug|x86
		Release|x64 = Release|x64
		Release|x86 = Release|x86
	EndGlobalSection
	GlobalSection(ProjectConfigurationPlatforms) = postSolution
		{3859B314-88BD-4373-96EC-36412EA88F7D}.Debug|x64.ActiveCfg = Debug|x64
		{3859B314-88BD-4373-96EC-36412EA88F7D}.Debug|x64.Build.0 = Debug|x64
		{3859B314-88BD-4373-96EC-36412EA88F7D}.Debug|x86.ActiveCfg = Debug|Win32
		{3859B314-88BD-4373-96EC-36412EA88F7D}.Debug|x86.Build.0 = Debug|Win32
		{3859B314-88BD-4373-96EC-36412EA88F7D}.Release|x64.ActiveCfg = Release|x64
		{3859B314-88BD-4373-96EC-36412EA88F7D}.Release|x64.Build.0 = Release|x64
		{3859B314-88BD-4373-96EC-36412EA88F7D}.Release|x86.ActiveCfg = Release|Win32
		{3859B314-88BD-4373-96EC-36412EA88F7D}.Release|x86.Build.0 = Release|Win32
	EndGlobalSection
	GlobalSection(SolutionProperties) = preSolution
		HideSolutionNode = FALSE
	EndGlobalSection
	GlobalSection(ExtensibilityGlobals) = postSolution
		SolutionGuid = {F29D1174-2E37-4545-B905-DDB5A6F4FA6D}
	EndGlobalSection
EndGlobal
